
Microsoft Visual Studio Solution File, Format Version 12.00
# Visual Studio Version 17
VisualStudioVersion = 17.13.35507.96
MinimumVisualStudioVersion = 10.0.40219.1
Project("{FAE04EC0-301F-11D3-BF4B-00C04F79EFBC}") = "Speech2TextPOC", "Speech2TextPOC\Speech2TextPOC.csproj", "{8F71D8E6-D7E3-4FEC-94A9-D56817277CE7}"
EndProject
Global
	GlobalSection(SolutionConfigurationPlatforms) = preSolution
		Debug|Any CPU = Debug|Any CPU
		Release|Any CPU = Release|Any CPU
	EndGlobalSection
	GlobalSection(ProjectConfigurationPlatforms) = postSolution
		{8F71D8E6-D7E3-4FEC-94A9-D56817277CE7}.Debug|Any CPU.ActiveCfg = Debug|Any CPU
		{8F71D8E6-D7E3-4FEC-94A9-D56817277CE7}.Debug|Any CPU.Build.0 = Debug|Any CPU
		{8F71D8E6-D7E3-4FEC-94A9-D56817277CE7}.Debug|Any CPU.Deploy.0 = Debug|Any CPU
		{8F71D8E6-D7E3-4FEC-94A9-D56817277CE7}.Release|Any CPU.ActiveCfg = Release|Any CPU
		{8F71D8E6-D7E3-4FEC-94A9-D56817277CE7}.Release|Any CPU.Build.0 = Release|Any CPU
	EndGlobalSection
	GlobalSection(SolutionProperties) = preSolution
		HideSolutionNode = FALSE
	EndGlobalSection
	GlobalSection(ExtensibilityGlobals) = postSolution
		SolutionGuid = {0054A578-CD86-48E5-B508-13CE153948E0}
	EndGlobalSection
EndGlobal
